
Microsoft Visual Studio Solution File, Format Version 12.00
# Visual Studio Version 16
VisualStudioVersion = 16.0.31025.194
MinimumVisualStudioVersion = 10.0.40219.1
Project("{FAE04EC0-301F-11D3-BF4B-00C04F79EFBC}") = "ProductApp", "App\ProductApp.csproj", "{DC284164-9041-4901-9EC6-AF5711BD3DDB}"
EndProject
Global
	GlobalSection(SolutionConfigurationPlatforms) = preSolution
		Debug|Any CPU = Debug|Any CPU
		Release|Any CPU = Release|Any CPU
	EndGlobalSection
	GlobalSection(ProjectConfigurationPlatforms) = postSolution
		{DC284164-9041-4901-9EC6-AF5711BD3DDB}.Debug|Any CPU.ActiveCfg = Debug|Any CPU
		{DC284164-9041-4901-9EC6-AF5711BD3DDB}.Debug|Any CPU.Build.0 = Debug|Any CPU
		{DC284164-9041-4901-9EC6-AF5711BD3DDB}.Release|Any CPU.ActiveCfg = Release|Any CPU
		{DC284164-9041-4901-9EC6-AF5711BD3DDB}.Release|Any CPU.Build.0 = Release|Any CPU
	EndGlobalSection
	GlobalSection(SolutionProperties) = preSolution
		HideSolutionNode = FALSE
	EndGlobalSection
	GlobalSection(ExtensibilityGlobals) = postSolution
		SolutionGuid = {A9FF4D1B-83C2-47E5-937D-C2AB7B8156B9}
	EndGlobalSection
EndGlobal
